// !$*UTF8*$!
{
	archiveVersion = 1;
	classes = {
	};
	objectVersion = 56;
	objects = {

/* Begin PBXBuildFile section */
		42D938612A375345007269ED /* ProjectNewsAppApp.swift in Sources */ = {isa = PBXBuildFile; fileRef = 42D938602A375345007269ED /* ProjectNewsAppApp.swift */; };
		42D938632A375345007269ED /* ContentView.swift in Sources */ = {isa = PBXBuildFile; fileRef = 42D938622A375345007269ED /* ContentView.swift */; };
		42D938652A375346007269ED /* Assets.xcassets in Resources */ = {isa = PBXBuildFile; fileRef = 42D938642A375346007269ED /* Assets.xcassets */; };
		42D938682A375346007269ED /* Preview Assets.xcassets in Resources */ = {isa = PBXBuildFile; fileRef = 42D938672A375346007269ED /* Preview Assets.xcassets */; };
		42D938732A3753A2007269ED /* NewsViewModel.swift in Sources */ = {isa = PBXBuildFile; fileRef = 42D938722A3753A2007269ED /* NewsViewModel.swift */; };
		42D938752A3753AF007269ED /* BookmarkViewModel.swift in Sources */ = {isa = PBXBuildFile; fileRef = 42D938742A3753AF007269ED /* BookmarkViewModel.swift */; };
		42D938772A3753B9007269ED /* SearchViewModel.swift in Sources */ = {isa = PBXBuildFile; fileRef = 42D938762A3753B9007269ED /* SearchViewModel.swift */; };
		42D938792A3753C9007269ED /* NewsAPI.swift in Sources */ = {isa = PBXBuildFile; fileRef = 42D938782A3753C9007269ED /* NewsAPI.swift */; };
		42D9387C2A37541A007269ED /* ArticleRowView.swift in Sources */ = {isa = PBXBuildFile; fileRef = 42D9387B2A37541A007269ED /* ArticleRowView.swift */; };
		42D9387E2A375425007269ED /* ArticleListView.swift in Sources */ = {isa = PBXBuildFile; fileRef = 42D9387D2A375425007269ED /* ArticleListView.swift */; };
		42D938802A375431007269ED /* SafariView.swift in Sources */ = {isa = PBXBuildFile; fileRef = 42D9387F2A375431007269ED /* SafariView.swift */; };
		42D938822A37543D007269ED /* NewsTabView.swift in Sources */ = {isa = PBXBuildFile; fileRef = 42D938812A37543D007269ED /* NewsTabView.swift */; };
		42D938842A375447007269ED /* EmptyPlaceholderView.swift in Sources */ = {isa = PBXBuildFile; fileRef = 42D938832A375447007269ED /* EmptyPlaceholderView.swift */; };
		42D938862A375450007269ED /* RetryView.swift in Sources */ = {isa = PBXBuildFile; fileRef = 42D938852A375450007269ED /* RetryView.swift */; };
		42D938882A37545A007269ED /* BookmarkTabView.swift in Sources */ = {isa = PBXBuildFile; fileRef = 42D938872A37545A007269ED /* BookmarkTabView.swift */; };
		42D9388A2A375463007269ED /* SearchTabView.swift in Sources */ = {isa = PBXBuildFile; fileRef = 42D938892A375463007269ED /* SearchTabView.swift */; };
		42D9388C2A375570007269ED /* SearchHistoryListView.swift in Sources */ = {isa = PBXBuildFile; fileRef = 42D9388B2A375570007269ED /* SearchHistoryListView.swift */; };
		42D9388E2A3755B7007269ED /* Article.swift in Sources */ = {isa = PBXBuildFile; fileRef = 42D9388D2A3755B7007269ED /* Article.swift */; };
		42D938902A3755BF007269ED /* NewsAPIResponse.swift in Sources */ = {isa = PBXBuildFile; fileRef = 42D9388F2A3755BF007269ED /* NewsAPIResponse.swift */; };
		42D938922A3755C9007269ED /* Category.swift in Sources */ = {isa = PBXBuildFile; fileRef = 42D938912A3755C9007269ED /* Category.swift */; };
		42D938942A3755D9007269ED /* DataStore.swift in Sources */ = {isa = PBXBuildFile; fileRef = 42D938932A3755D9007269ED /* DataStore.swift */; };
		42D938962A37595A007269ED /* news.json in Resources */ = {isa = PBXBuildFile; fileRef = 42D938952A37595A007269ED /* news.json */; };
/* End PBXBuildFile section */

/* Begin PBXFileReference section */
		42D9385D2A375345007269ED /* ProjectNewsApp.app */ = {isa = PBXFileReference; explicitFileType = wrapper.application; includeInIndex = 0; path = ProjectNewsApp.app; sourceTree = BUILT_PRODUCTS_DIR; };
		42D938602A375345007269ED /* ProjectNewsAppApp.swift */ = {isa = PBXFileReference; lastKnownFileType = sourcecode.swift; path = ProjectNewsAppApp.swift; sourceTree = "<group>"; };
		42D938622A375345007269ED /* ContentView.swift */ = {isa = PBXFileReference; lastKnownFileType = sourcecode.swift; path = ContentView.swift; sourceTree = "<group>"; };
		42D938642A375346007269ED /* Assets.xcassets */ = {isa = PBXFileReference; lastKnownFileType = folder.assetcatalog; path = Assets.xcassets; sourceTree = "<group>"; };
		42D938672A375346007269ED /* Preview Assets.xcassets */ = {isa = PBXFileReference; lastKnownFileType = folder.assetcatalog; path = "Preview Assets.xcassets"; sourceTree = "<group>"; };
		42D938722A3753A2007269ED /* NewsViewModel.swift */ = {isa = PBXFileReference; lastKnownFileType = sourcecode.swift; path = NewsViewModel.swift; sourceTree = "<group>"; };
		42D938742A3753AF007269ED /* BookmarkViewModel.swift */ = {isa = PBXFileReference; lastKnownFileType = sourcecode.swift; path = BookmarkViewModel.swift; sourceTree = "<group>"; };
		42D938762A3753B9007269ED /* SearchViewModel.swift */ = {isa = PBXFileReference; lastKnownFileType = sourcecode.swift; path = SearchViewModel.swift; sourceTree = "<group>"; };
		42D938782A3753C9007269ED /* NewsAPI.swift */ = {isa = PBXFileReference; lastKnownFileType = sourcecode.swift; path = NewsAPI.swift; sourceTree = "<group>"; };
		42D9387B2A37541A007269ED /* ArticleRowView.swift */ = {isa = PBXFileReference; lastKnownFileType = sourcecode.swift; path = ArticleRowView.swift; sourceTree = "<group>"; };
		42D9387D2A375425007269ED /* ArticleListView.swift */ = {isa = PBXFileReference; lastKnownFileType = sourcecode.swift; path = ArticleListView.swift; sourceTree = "<group>"; };
		42D9387F2A375431007269ED /* SafariView.swift */ = {isa = PBXFileReference; lastKnownFileType = sourcecode.swift; path = SafariView.swift; sourceTree = "<group>"; };
		42D938812A37543D007269ED /* NewsTabView.swift */ = {isa = PBXFileReference; lastKnownFileType = sourcecode.swift; path = NewsTabView.swift; sourceTree = "<group>"; };
		42D938832A375447007269ED /* EmptyPlaceholderView.swift */ = {isa = PBXFileReference; lastKnownFileType = sourcecode.swift; path = EmptyPlaceholderView.swift; sourceTree = "<group>"; };
		42D938852A375450007269ED /* RetryView.swift */ = {isa = PBXFileReference; lastKnownFileType = sourcecode.swift; path = RetryView.swift; sourceTree = "<group>"; };
		42D938872A37545A007269ED /* BookmarkTabView.swift */ = {isa = PBXFileReference; lastKnownFileType = sourcecode.swift; path = BookmarkTabView.swift; sourceTree = "<group>"; };
		42D938892A375463007269ED /* SearchTabView.swift */ = {isa = PBXFileReference; lastKnownFileType = sourcecode.swift; path = SearchTabView.swift; sourceTree = "<group>"; };
		42D9388B2A375570007269ED /* SearchHistoryListView.swift */ = {isa = PBXFileReference; lastKnownFileType = sourcecode.swift; path = SearchHistoryListView.swift; sourceTree = "<group>"; };
		42D9388D2A3755B7007269ED /* Article.swift */ = {isa = PBXFileReference; lastKnownFileType = sourcecode.swift; path = Article.swift; sourceTree = "<group>"; };
		42D9388F2A3755BF007269ED /* NewsAPIResponse.swift */ = {isa = PBXFileReference; lastKnownFileType = sourcecode.swift; path = NewsAPIResponse.swift; sourceTree = "<group>"; };
		42D938912A3755C9007269ED /* Category.swift */ = {isa = PBXFileReference; lastKnownFileType = sourcecode.swift; path = Category.swift; sourceTree = "<group>"; };
		42D938932A3755D9007269ED /* DataStore.swift */ = {isa = PBXFileReference; lastKnownFileType = sourcecode.swift; path = DataStore.swift; sourceTree = "<group>"; };
		42D938952A37595A007269ED /* news.json */ = {isa = PBXFileReference; fileEncoding = 4; lastKnownFileType = text.json; path = news.json; sourceTree = "<group>"; };
/* End PBXFileReference section */

/* Begin PBXFrameworksBuildPhase section */
		42D9385A2A375345007269ED /* Frameworks */ = {
			isa = PBXFrameworksBuildPhase;
			buildActionMask = 2147483647;
			files = (
			);
			runOnlyForDeploymentPostprocessing = 0;
		};
/* End PBXFrameworksBuildPhase section */

/* Begin PBXGroup section */
		42D938542A375345007269ED = {
			isa = PBXGroup;
			children = (
				42D9385F2A375345007269ED /* ProjectNewsApp */,
				42D9385E2A375345007269ED /* Products */,
			);
			sourceTree = "<group>";
		};
		42D9385E2A375345007269ED /* Products */ = {
			isa = PBXGroup;
			children = (
				42D9385D2A375345007269ED /* ProjectNewsApp.app */,
			);
			name = Products;
			sourceTree = "<group>";
		};
		42D9385F2A375345007269ED /* ProjectNewsApp */ = {
			isa = PBXGroup;
			children = (
				42D938602A375345007269ED /* ProjectNewsAppApp.swift */,
				42D938622A375345007269ED /* ContentView.swift */,
				42D938642A375346007269ED /* Assets.xcassets */,
				42D938952A37595A007269ED /* news.json */,
				42D938712A375369007269ED /* ViewModel */,
				42D938702A375366007269ED /* API */,
				42D9386F2A375362007269ED /* Views */,
				42D9386E2A375352007269ED /* Models */,
				42D938662A375346007269ED /* Preview Content */,
			);
			path = ProjectNewsApp;
			sourceTree = "<group>";
		};
		42D938662A375346007269ED /* Preview Content */ = {
			isa = PBXGroup;
			children = (
				42D938672A375346007269ED /* Preview Assets.xcassets */,
			);
			path = "Preview Content";
			sourceTree = "<group>";
		};
		42D9386E2A375352007269ED /* Models */ = {
			isa = PBXGroup;
			children = (
				42D9388D2A3755B7007269ED /* Article.swift */,
				42D9388F2A3755BF007269ED /* NewsAPIResponse.swift */,
				42D938912A3755C9007269ED /* Category.swift */,
				42D938932A3755D9007269ED /* DataStore.swift */,
			);
			path = Models;
			sourceTree = "<group>";
		};
		42D9386F2A375362007269ED /* Views */ = {
			isa = PBXGroup;
			children = (
				42D9387B2A37541A007269ED /* ArticleRowView.swift */,
				42D9387D2A375425007269ED /* ArticleListView.swift */,
				42D9387F2A375431007269ED /* SafariView.swift */,
				42D938812A37543D007269ED /* NewsTabView.swift */,
				42D938832A375447007269ED /* EmptyPlaceholderView.swift */,
				42D938852A375450007269ED /* RetryView.swift */,
				42D938872A37545A007269ED /* BookmarkTabView.swift */,
				42D938892A375463007269ED /* SearchTabView.swift */,
				42D9388B2A375570007269ED /* SearchHistoryListView.swift */,
			);
			path = Views;
			sourceTree = "<group>";
		};
		42D938702A375366007269ED /* API */ = {
			isa = PBXGroup;
			children = (
				42D938782A3753C9007269ED /* NewsAPI.swift */,
			);
			path = API;
			sourceTree = "<group>";
		};
		42D938712A375369007269ED /* ViewModel */ = {
			isa = PBXGroup;
			children = (
				42D938722A3753A2007269ED /* NewsViewModel.swift */,
				42D938742A3753AF007269ED /* BookmarkViewModel.swift */,
				42D938762A3753B9007269ED /* SearchViewModel.swift */,
			);
			path = ViewModel;
			sourceTree = "<group>";
		};
/* End PBXGroup section */

/* Begin PBXNativeTarget section */
		42D9385C2A375345007269ED /* ProjectNewsApp */ = {
			isa = PBXNativeTarget;
			buildConfigurationList = 42D9386B2A375346007269ED /* Build configuration list for PBXNativeTarget "ProjectNewsApp" */;
			buildPhases = (
				42D938592A375345007269ED /* Sources */,
				42D9385A2A375345007269ED /* Frameworks */,
				42D9385B2A375345007269ED /* Resources */,
			);
			buildRules = (
			);
			dependencies = (
			);
			name = ProjectNewsApp;
			productName = ProjectNewsApp;
			productReference = 42D9385D2A375345007269ED /* ProjectNewsApp.app */;
			productType = "com.apple.product-type.application";
		};
/* End PBXNativeTarget section */

/* Begin PBXProject section */
		42D938552A375345007269ED /* Project object */ = {
			isa = PBXProject;
			attributes = {
				BuildIndependentTargetsInParallel = 1;
				LastSwiftUpdateCheck = 1430;
				LastUpgradeCheck = 1430;
				TargetAttributes = {
					42D9385C2A375345007269ED = {
						CreatedOnToolsVersion = 14.3.1;
					};
				};
			};
			buildConfigurationList = 42D938582A375345007269ED /* Build configuration list for PBXProject "ProjectNewsApp" */;
			compatibilityVersion = "Xcode 14.0";
			developmentRegion = en;
			hasScannedForEncodings = 0;
			knownRegions = (
				en,
				Base,
			);
			mainGroup = 42D938542A375345007269ED;
			productRefGroup = 42D9385E2A375345007269ED /* Products */;
			projectDirPath = "";
			projectRoot = "";
			targets = (
				42D9385C2A375345007269ED /* ProjectNewsApp */,
			);
		};
/* End PBXProject section */

/* Begin PBXResourcesBuildPhase section */
		42D9385B2A375345007269ED /* Resources */ = {
			isa = PBXResourcesBuildPhase;
			buildActionMask = 2147483647;
			files = (
				42D938962A37595A007269ED /* news.json in Resources */,
				42D938682A375346007269ED /* Preview Assets.xcassets in Resources */,
				42D938652A375346007269ED /* Assets.xcassets in Resources */,
			);
			runOnlyForDeploymentPostprocessing = 0;
		};
/* End PBXResourcesBuildPhase section */

/* Begin PBXSourcesBuildPhase section */
		42D938592A375345007269ED /* Sources */ = {
			isa = PBXSourcesBuildPhase;
			buildActionMask = 2147483647;
			files = (
				42D938772A3753B9007269ED /* SearchViewModel.swift in Sources */,
				42D938922A3755C9007269ED /* Category.swift in Sources */,
				42D9387C2A37541A007269ED /* ArticleRowView.swift in Sources */,
				42D938792A3753C9007269ED /* NewsAPI.swift in Sources */,
				42D938752A3753AF007269ED /* BookmarkViewModel.swift in Sources */,
				42D938882A37545A007269ED /* BookmarkTabView.swift in Sources */,
				42D9388E2A3755B7007269ED /* Article.swift in Sources */,
				42D938902A3755BF007269ED /* NewsAPIResponse.swift in Sources */,
				42D938632A375345007269ED /* ContentView.swift in Sources */,
				42D938862A375450007269ED /* RetryView.swift in Sources */,
				42D9387E2A375425007269ED /* ArticleListView.swift in Sources */,
				42D938732A3753A2007269ED /* NewsViewModel.swift in Sources */,
				42D938822A37543D007269ED /* NewsTabView.swift in Sources */,
				42D938942A3755D9007269ED /* DataStore.swift in Sources */,
				42D938842A375447007269ED /* EmptyPlaceholderView.swift in Sources */,
				42D938612A375345007269ED /* ProjectNewsAppApp.swift in Sources */,
				42D938802A375431007269ED /* SafariView.swift in Sources */,
				42D9388A2A375463007269ED /* SearchTabView.swift in Sources */,
				42D9388C2A375570007269ED /* SearchHistoryListView.swift in Sources */,
			);
			runOnlyForDeploymentPostprocessing = 0;
		};
/* End PBXSourcesBuildPhase section */

/* Begin XCBuildConfiguration section */
		42D938692A375346007269ED /* Debug */ = {
			isa = XCBuildConfiguration;
			buildSettings = {
				ALWAYS_SEARCH_USER_PATHS = NO;
				CLANG_ANALYZER_NONNULL = YES;
				CLANG_ANALYZER_NUMBER_OBJECT_CONVERSION = YES_AGGRESSIVE;
				CLANG_CXX_LANGUAGE_STANDARD = "gnu++20";
				CLANG_ENABLE_MODULES = YES;
				CLANG_ENABLE_OBJC_ARC = YES;
				CLANG_ENABLE_OBJC_WEAK = YES;
				CLANG_WARN_BLOCK_CAPTURE_AUTORELEASING = YES;
				CLANG_WARN_BOOL_CONVERSION = YES;
				CLANG_WARN_COMMA = YES;
				CLANG_WARN_CONSTANT_CONVERSION = YES;
				CLANG_WARN_DEPRECATED_OBJC_IMPLEMENTATIONS = YES;
				CLANG_WARN_DIRECT_OBJC_ISA_USAGE = YES_ERROR;
				CLANG_WARN_DOCUMENTATION_COMMENTS = YES;
				CLANG_WARN_EMPTY_BODY = YES;
				CLANG_WARN_ENUM_CONVERSION = YES;
				CLANG_WARN_INFINITE_RECURSION = YES;
				CLANG_WARN_INT_CONVERSION = YES;
				CLANG_WARN_NON_LITERAL_NULL_CONVERSION = YES;
				CLANG_WARN_OBJC_IMPLICIT_RETAIN_SELF = YES;
				CLANG_WARN_OBJC_LITERAL_CONVERSION = YES;
				CLANG_WARN_OBJC_ROOT_CLASS = YES_ERROR;
				CLANG_WARN_QUOTED_INCLUDE_IN_FRAMEWORK_HEADER = YES;
				CLANG_WARN_RANGE_LOOP_ANALYSIS = YES;
				CLANG_WARN_STRICT_PROTOTYPES = YES;
				CLANG_WARN_SUSPICIOUS_MOVE = YES;
				CLANG_WARN_UNGUARDED_AVAILABILITY = YES_AGGRESSIVE;
				CLANG_WARN_UNREACHABLE_CODE = YES;
				CLANG_WARN__DUPLICATE_METHOD_MATCH = YES;
				COPY_PHASE_STRIP = NO;
				DEBUG_INFORMATION_FORMAT = dwarf;
				ENABLE_STRICT_OBJC_MSGSEND = YES;
				ENABLE_TESTABILITY = YES;
				GCC_C_LANGUAGE_STANDARD = gnu11;
				GCC_DYNAMIC_NO_PIC = NO;
				GCC_NO_COMMON_BLOCKS = YES;
				GCC_OPTIMIZATION_LEVEL = 0;
				GCC_PREPROCESSOR_DEFINITIONS = (
					"DEBUG=1",
					"$(inherited)",
				);
				GCC_WARN_64_TO_32_BIT_CONVERSION = YES;
				GCC_WARN_ABOUT_RETURN_TYPE = YES_ERROR;
				GCC_WARN_UNDECLARED_SELECTOR = YES;
				GCC_WARN_UNINITIALIZED_AUTOS = YES_AGGRESSIVE;
				GCC_WARN_UNUSED_FUNCTION = YES;
				GCC_WARN_UNUSED_VARIABLE = YES;
				IPHONEOS_DEPLOYMENT_TARGET = 16.4;
				MTL_ENABLE_DEBUG_INFO = INCLUDE_SOURCE;
				MTL_FAST_MATH = YES;
				ONLY_ACTIVE_ARCH = YES;
				SDKROOT = iphoneos;
				SWIFT_ACTIVE_COMPILATION_CONDITIONS = DEBUG;
				SWIFT_OPTIMIZATION_LEVEL = "-Onone";
			};
			name = Debug;
		};
		42D9386A2A375346007269ED /* Release */ = {
			isa = XCBuildConfiguration;
			buildSettings = {
				ALWAYS_SEARCH_USER_PATHS = NO;
				CLANG_ANALYZER_NONNULL = YES;
				CLANG_ANALYZER_NUMBER_OBJECT_CONVERSION = YES_AGGRESSIVE;
				CLANG_CXX_LANGUAGE_STANDARD = "gnu++20";
				CLANG_ENABLE_MODULES = YES;
				CLANG_ENABLE_OBJC_ARC = YES;
				CLANG_ENABLE_OBJC_WEAK = YES;
				CLANG_WARN_BLOCK_CAPTURE_AUTORELEASING = YES;
				CLANG_WARN_BOOL_CONVERSION = YES;
				CLANG_WARN_COMMA = YES;
				CLANG_WARN_CONSTANT_CONVERSION = YES;
				CLANG_WARN_DEPRECATED_OBJC_IMPLEMENTATIONS = YES;
				CLANG_WARN_DIRECT_OBJC_ISA_USAGE = YES_ERROR;
				CLANG_WARN_DOCUMENTATION_COMMENTS = YES;
				CLANG_WARN_EMPTY_BODY = YES;
				CLANG_WARN_ENUM_CONVERSION = YES;
				CLANG_WARN_INFINITE_RECURSION = YES;
				CLANG_WARN_INT_CONVERSION = YES;
				CLANG_WARN_NON_LITERAL_NULL_CONVERSION = YES;
				CLANG_WARN_OBJC_IMPLICIT_RETAIN_SELF = YES;
				CLANG_WARN_OBJC_LITERAL_CONVERSION = YES;
				CLANG_WARN_OBJC_ROOT_CLASS = YES_ERROR;
				CLANG_WARN_QUOTED_INCLUDE_IN_FRAMEWORK_HEADER = YES;
				CLANG_WARN_RANGE_LOOP_ANALYSIS = YES;
				CLANG_WARN_STRICT_PROTOTYPES = YES;
				CLANG_WARN_SUSPICIOUS_MOVE = YES;
				CLANG_WARN_UNGUARDED_AVAILABILITY = YES_AGGRESSIVE;
				CLANG_WARN_UNREACHABLE_CODE = YES;
				CLANG_WARN__DUPLICATE_METHOD_MATCH = YES;
				COPY_PHASE_STRIP = NO;
				DEBUG_INFORMATION_FORMAT = "dwarf-with-dsym";
				ENABLE_NS_ASSERTIONS = NO;
				ENABLE_STRICT_OBJC_MSGSEND = YES;
				GCC_C_LANGUAGE_STANDARD = gnu11;
				GCC_NO_COMMON_BLOCKS = YES;
				GCC_WARN_64_TO_32_BIT_CONVERSION = YES;
				GCC_WARN_ABOUT_RETURN_TYPE = YES_ERROR;
				GCC_WARN_UNDECLARED_SELECTOR = YES;
				GCC_WARN_UNINITIALIZED_AUTOS = YES_AGGRESSIVE;
				GCC_WARN_UNUSED_FUNCTION = YES;
				GCC_WARN_UNUSED_VARIABLE = YES;
				IPHONEOS_DEPLOYMENT_TARGET = 16.4;
				MTL_ENABLE_DEBUG_INFO = NO;
				MTL_FAST_MATH = YES;
				SDKROOT = iphoneos;
				SWIFT_COMPILATION_MODE = wholemodule;
				SWIFT_OPTIMIZATION_LEVEL = "-O";
				VALIDATE_PRODUCT = YES;
			};
			name = Release;
		};
		42D9386C2A375346007269ED /* Debug */ = {
			isa = XCBuildConfiguration;
			buildSettings = {
				ASSETCATALOG_COMPILER_APPICON_NAME = AppIcon;
				ASSETCATALOG_COMPILER_GLOBAL_ACCENT_COLOR_NAME = AccentColor;
				CODE_SIGN_STYLE = Automatic;
				CURRENT_PROJECT_VERSION = 1;
				DEVELOPMENT_ASSET_PATHS = "\"ProjectNewsApp/Preview Content\"";
				ENABLE_PREVIEWS = YES;
				GENERATE_INFOPLIST_FILE = YES;
				INFOPLIST_KEY_UIApplicationSceneManifest_Generation = YES;
				INFOPLIST_KEY_UIApplicationSupportsIndirectInputEvents = YES;
				INFOPLIST_KEY_UILaunchScreen_Generation = YES;
				INFOPLIST_KEY_UISupportedInterfaceOrientations_iPad = "UIInterfaceOrientationPortrait UIInterfaceOrientationPortraitUpsideDown UIInterfaceOrientationLandscapeLeft UIInterfaceOrientationLandscapeRight";
				INFOPLIST_KEY_UISupportedInterfaceOrientations_iPhone = "UIInterfaceOrientationPortrait UIInterfaceOrientationLandscapeLeft UIInterfaceOrientationLandscapeRight";
				LD_RUNPATH_SEARCH_PATHS = (
					"$(inherited)",
					"@executable_path/Frameworks",
				);
				MARKETING_VERSION = 1.0;
				PRODUCT_BUNDLE_IDENTIFIER = com.akin.ProjectNewsApp;
				PRODUCT_NAME = "$(TARGET_NAME)";
				SWIFT_EMIT_LOC_STRINGS = YES;
				SWIFT_VERSION = 5.0;
				TARGETED_DEVICE_FAMILY = "1,2";
			};
			name = Debug;
		};
		42D9386D2A375346007269ED /* Release */ = {
			isa = XCBuildConfiguration;
			buildSettings = {
				ASSETCATALOG_COMPILER_APPICON_NAME = AppIcon;
				ASSETCATALOG_COMPILER_GLOBAL_ACCENT_COLOR_NAME = AccentColor;
				CODE_SIGN_STYLE = Automatic;
				CURRENT_PROJECT_VERSION = 1;
				DEVELOPMENT_ASSET_PATHS = "\"ProjectNewsApp/Preview Content\"";
				ENABLE_PREVIEWS = YES;
				GENERATE_INFOPLIST_FILE = YES;
				INFOPLIST_KEY_UIApplicationSceneManifest_Generation = YES;
				INFOPLIST_KEY_UIApplicationSupportsIndirectInputEvents = YES;
				INFOPLIST_KEY_UILaunchScreen_Generation = YES;
				INFOPLIST_KEY_UISupportedInterfaceOrientations_iPad = "UIInterfaceOrientationPortrait UIInterfaceOrientationPortraitUpsideDown UIInterfaceOrientationLandscapeLeft UIInterfaceOrientationLandscapeRight";
				INFOPLIST_KEY_UISupportedInterfaceOrientations_iPhone = "UIInterfaceOrientationPortrait UIInterfaceOrientationLandscapeLeft UIInterfaceOrientationLandscapeRight";
				LD_RUNPATH_SEARCH_PATHS = (
					"$(inherited)",
					"@executable_path/Frameworks",
				);
				MARKETING_VERSION = 1.0;
				PRODUCT_BUNDLE_IDENTIFIER = com.akin.ProjectNewsApp;
				PRODUCT_NAME = "$(TARGET_NAME)";
				SWIFT_EMIT_LOC_STRINGS = YES;
				SWIFT_VERSION = 5.0;
				TARGETED_DEVICE_FAMILY = "1,2";
			};
			name = Release;
		};
/* End XCBuildConfiguration section */

/* Begin XCConfigurationList section */
		42D938582A375345007269ED /* Build configuration list for PBXProject "ProjectNewsApp" */ = {
			isa = XCConfigurationList;
			buildConfigurations = (
				42D938692A375346007269ED /* Debug */,
				42D9386A2A375346007269ED /* Release */,
			);
			defaultConfigurationIsVisible = 0;
			defaultConfigurationName = Release;
		};
		42D9386B2A375346007269ED /* Build configuration list for PBXNativeTarget "ProjectNewsApp" */ = {
			isa = XCConfigurationList;
			buildConfigurations = (
				42D9386C2A375346007269ED /* Debug */,
				42D9386D2A375346007269ED /* Release */,
			);
			defaultConfigurationIsVisible = 0;
			defaultConfigurationName = Release;
		};
/* End XCConfigurationList section */
	};
	rootObject = 42D938552A375345007269ED /* Project object */;
}
